
Microsoft Visual Studio Solution File, Format Version 12.00
# Visual Studio Version 16
VisualStudioVersion = 16.0.32929.386
MinimumVisualStudioVersion = 10.0.40219.1
Project("{FAE04EC0-301F-11D3-BF4B-00C04F79EFBC}") = "UniversidadeProj", "UniversidadeProj.csproj", "{80D95DD4-A6D9-4764-8797-CB0A7971CEDA}"
EndProject
Global
	GlobalSection(SolutionConfigurationPlatforms) = preSolution
		Debug|Any CPU = Debug|Any CPU
		Release|Any CPU = Release|Any CPU
	EndGlobalSection
	GlobalSection(ProjectConfigurationPlatforms) = postSolution
		{80D95DD4-A6D9-4764-8797-CB0A7971CEDA}.Debug|Any CPU.ActiveCfg = Debug|Any CPU
		{80D95DD4-A6D9-4764-8797-CB0A7971CEDA}.Debug|Any CPU.Build.0 = Debug|Any CPU
		{80D95DD4-A6D9-4764-8797-CB0A7971CEDA}.Release|Any CPU.ActiveCfg = Release|Any CPU
		{80D95DD4-A6D9-4764-8797-CB0A7971CEDA}.Release|Any CPU.Build.0 = Release|Any CPU
	EndGlobalSection
	GlobalSection(SolutionProperties) = preSolution
		HideSolutionNode = FALSE
	EndGlobalSection
	GlobalSection(ExtensibilityGlobals) = postSolution
		SolutionGuid = {E6E7FBA9-DCCC-4C38-9D82-E4E43368A7D2}
	EndGlobalSection
EndGlobal
